{
  "meteor": {},
  "dependencies": {
    "basePackages": {
      "typescript-compiler": {},
      "typescript-libs": {
        "path": "../../meteor-typescript-libs"
      },
      "errors": {}
    },
    "packages": {
      "typescript-compiler": {
        "git": "https://github.com/orefalo/meteor-typescript-compiler.git",
        "tag": "v0.7.6.3",
        "commit": "9242d3f292223eb0272e51a36c21244196a80f3a"
      },
      "typescript-libs": {
        "path": "../../meteor-typescript-libs"
      },
      "errors": {
        "git": "https://github.com/tmeasday/meteor-errors.git",
        "tag": "v0.2.0",
        "commit": "b7cc525c19defe2dc744e8e34d1328b430f3e03a"
      }
    }
  }
}
